
Microsoft Visual Studio Solution File, Format Version 12.00
# Visual Studio Version 17
VisualStudioVersion = 17.3.32819.101
MinimumVisualStudioVersion = 10.0.40219.1
Project("{FAE04EC0-301F-11D3-BF4B-00C04F79EFBC}") = "CODEInterpreter", "CODEInterpreter.csproj", "{B990E03B-581E-454F-9DF8-EEBB94B69CAA}"
EndProject
Global
	GlobalSection(SolutionConfigurationPlatforms) = preSolution
		Debug|Any CPU = Debug|Any CPU
		Release|Any CPU = Release|Any CPU
	EndGlobalSection
	GlobalSection(ProjectConfigurationPlatforms) = postSolution
		{B990E03B-581E-454F-9DF8-EEBB94B69CAA}.Debug|Any CPU.ActiveCfg = Debug|Any CPU
		{B990E03B-581E-454F-9DF8-EEBB94B69CAA}.Debug|Any CPU.Build.0 = Debug|Any CPU
		{B990E03B-581E-454F-9DF8-EEBB94B69CAA}.Release|Any CPU.ActiveCfg = Release|Any CPU
		{B990E03B-581E-454F-9DF8-EEBB94B69CAA}.Release|Any CPU.Build.0 = Release|Any CPU
	EndGlobalSection
	GlobalSection(SolutionProperties) = preSolution
		HideSolutionNode = FALSE
	EndGlobalSection
	GlobalSection(ExtensibilityGlobals) = postSolution
		SolutionGuid = {D1147A05-4FEC-438E-B44E-271C4FA14196}
	EndGlobalSection
EndGlobal
